
Microsoft Visual Studio Solution File, Format Version 12.00
# Visual Studio 15
VisualStudioVersion = 15.0.28307.271
MinimumVisualStudioVersion = 10.0.40219.1
Project("{9A19103F-16F7-4668-BE54-9A1E7A4F7556}") = "CultureInGdansk", "CultureInGdansk\CultureInGdansk.csproj", "{3EEEF16D-88B1-4333-8DA7-4BD46E50D7C6}"
EndProject
Project("{9A19103F-16F7-4668-BE54-9A1E7A4F7556}") = "ConsoleApp", "ConsoleApp\ConsoleApp.csproj", "{2C841FE3-BA0B-4402-910E-041EB9550102}"
EndProject
Project("{FAE04EC0-301F-11D3-BF4B-00C04F79EFBC}") = "Common", "Common\Common.csproj", "{ABE783D5-734B-4A37-94C7-DFFCE449A944}"
EndProject
Project("{FAE04EC0-301F-11D3-BF4B-00C04F79EFBC}") = "JSONparser", "JSONparser\JSONparser.csproj", "{8D646073-596F-4ECB-B1B3-7DEB9AE5A8DB}"
EndProject
Global
	GlobalSection(SolutionConfigurationPlatforms) = preSolution
		Debug|Any CPU = Debug|Any CPU
		Release|Any CPU = Release|Any CPU
	EndGlobalSection
	GlobalSection(ProjectConfigurationPlatforms) = postSolution
		{3EEEF16D-88B1-4333-8DA7-4BD46E50D7C6}.Debug|Any CPU.ActiveCfg = Debug|Any CPU
		{3EEEF16D-88B1-4333-8DA7-4BD46E50D7C6}.Debug|Any CPU.Build.0 = Debug|Any CPU
		{3EEEF16D-88B1-4333-8DA7-4BD46E50D7C6}.Release|Any CPU.ActiveCfg = Release|Any CPU
		{3EEEF16D-88B1-4333-8DA7-4BD46E50D7C6}.Release|Any CPU.Build.0 = Release|Any CPU
		{2C841FE3-BA0B-4402-910E-041EB9550102}.Debug|Any CPU.ActiveCfg = Debug|Any CPU
		{2C841FE3-BA0B-4402-910E-041EB9550102}.Debug|Any CPU.Build.0 = Debug|Any CPU
		{2C841FE3-BA0B-4402-910E-041EB9550102}.Release|Any CPU.ActiveCfg = Release|Any CPU
		{2C841FE3-BA0B-4402-910E-041EB9550102}.Release|Any CPU.Build.0 = Release|Any CPU
		{ABE783D5-734B-4A37-94C7-DFFCE449A944}.Debug|Any CPU.ActiveCfg = Debug|Any CPU
		{ABE783D5-734B-4A37-94C7-DFFCE449A944}.Debug|Any CPU.Build.0 = Debug|Any CPU
		{ABE783D5-734B-4A37-94C7-DFFCE449A944}.Release|Any CPU.ActiveCfg = Release|Any CPU
		{ABE783D5-734B-4A37-94C7-DFFCE449A944}.Release|Any CPU.Build.0 = Release|Any CPU
		{8D646073-596F-4ECB-B1B3-7DEB9AE5A8DB}.Debug|Any CPU.ActiveCfg = Debug|Any CPU
		{8D646073-596F-4ECB-B1B3-7DEB9AE5A8DB}.Debug|Any CPU.Build.0 = Debug|Any CPU
		{8D646073-596F-4ECB-B1B3-7DEB9AE5A8DB}.Release|Any CPU.ActiveCfg = Release|Any CPU
		{8D646073-596F-4ECB-B1B3-7DEB9AE5A8DB}.Release|Any CPU.Build.0 = Release|Any CPU
	EndGlobalSection
	GlobalSection(SolutionProperties) = preSolution
		HideSolutionNode = FALSE
	EndGlobalSection
	GlobalSection(ExtensibilityGlobals) = postSolution
		SolutionGuid = {1479D8AA-9C5C-4C98-849D-8EF2E633060A}
	EndGlobalSection
EndGlobal
